
Microsoft Visual Studio Solution File, Format Version 12.00
# Visual Studio 15
VisualStudioVersion = 15.0.27428.2027
MinimumVisualStudioVersion = 10.0.40219.1
Project("{FAE04EC0-301F-11D3-BF4B-00C04F79EFBC}") = "WpfApp1", "WpfApp1\WpfApp1.csproj", "{C10A14E7-C051-4384-9014-4B8C950F0297}"
EndProject
Global
	GlobalSection(SolutionConfigurationPlatforms) = preSolution
		Debug|Any CPU = Debug|Any CPU
		Release|Any CPU = Release|Any CPU
	EndGlobalSection
	GlobalSection(ProjectConfigurationPlatforms) = postSolution
		{C10A14E7-C051-4384-9014-4B8C950F0297}.Debug|Any CPU.ActiveCfg = Debug|Any CPU
		{C10A14E7-C051-4384-9014-4B8C950F0297}.Debug|Any CPU.Build.0 = Debug|Any CPU
		{C10A14E7-C051-4384-9014-4B8C950F0297}.Release|Any CPU.ActiveCfg = Release|Any CPU
		{C10A14E7-C051-4384-9014-4B8C950F0297}.Release|Any CPU.Build.0 = Release|Any CPU
	EndGlobalSection
	GlobalSection(SolutionProperties) = preSolution
		HideSolutionNode = FALSE
	EndGlobalSection
	GlobalSection(ExtensibilityGlobals) = postSolution
		SolutionGuid = {1763993B-2D28-40D6-B157-E84FA6543E81}
	EndGlobalSection
EndGlobal
